
Microsoft Visual Studio Solution File, Format Version 12.00
# Visual Studio Version 16
VisualStudioVersion = 16.0.30011.22
MinimumVisualStudioVersion = 10.0.40219.1
Project("{FAE04EC0-301F-11D3-BF4B-00C04F79EFBC}") = "DeskStore", "DeskStore\DeskStore.csproj", "{BF5C4B69-1339-4A81-9236-5BC0D46D3D49}"
EndProject
Global
	GlobalSection(SolutionConfigurationPlatforms) = preSolution
		Debug|Any CPU = Debug|Any CPU
		Release|Any CPU = Release|Any CPU
	EndGlobalSection
	GlobalSection(ProjectConfigurationPlatforms) = postSolution
		{BF5C4B69-1339-4A81-9236-5BC0D46D3D49}.Debug|Any CPU.ActiveCfg = Debug|Any CPU
		{BF5C4B69-1339-4A81-9236-5BC0D46D3D49}.Debug|Any CPU.Build.0 = Debug|Any CPU
		{BF5C4B69-1339-4A81-9236-5BC0D46D3D49}.Release|Any CPU.ActiveCfg = Release|Any CPU
		{BF5C4B69-1339-4A81-9236-5BC0D46D3D49}.Release|Any CPU.Build.0 = Release|Any CPU
	EndGlobalSection
	GlobalSection(SolutionProperties) = preSolution
		HideSolutionNode = FALSE
	EndGlobalSection
	GlobalSection(ExtensibilityGlobals) = postSolution
		SolutionGuid = {1AB2B5EA-AD53-4D67-8317-572274F53B8C}
	EndGlobalSection
EndGlobal
